
Microsoft Visual Studio Solution File, Format Version 12.00
# Visual Studio Version 17
VisualStudioVersion = 17.4.33122.133
MinimumVisualStudioVersion = 10.0.40219.1
Project("{9A19103F-16F7-4668-BE54-9A1E7A4F7556}") = "SqlBackupTools", "src\SqlBackupTools\SqlBackupTools.csproj", "{7B47EC43-AE63-44E6-9494-EF415D34CE8D}"
EndProject
Project("{9A19103F-16F7-4668-BE54-9A1E7A4F7556}") = "SqlBackupTools.Tests", "tests\SqlBackupTools.Tests\SqlBackupTools.Tests.csproj", "{30AD9161-DD80-40E7-965D-6923D244D19A}"
EndProject
Global
	GlobalSection(SolutionConfigurationPlatforms) = preSolution
		Debug|Any CPU = Debug|Any CPU
		Debug|x64 = Debug|x64
		Release|Any CPU = Release|Any CPU
		Release|x64 = Release|x64
	EndGlobalSection
	GlobalSection(ProjectConfigurationPlatforms) = postSolution
		{7B47EC43-AE63-44E6-9494-EF415D34CE8D}.Debug|Any CPU.ActiveCfg = Debug|Any CPU
		{7B47EC43-AE63-44E6-9494-EF415D34CE8D}.Debug|Any CPU.Build.0 = Debug|Any CPU
		{7B47EC43-AE63-44E6-9494-EF415D34CE8D}.Debug|x64.ActiveCfg = Debug|Any CPU
		{7B47EC43-AE63-44E6-9494-EF415D34CE8D}.Debug|x64.Build.0 = Debug|Any CPU
		{7B47EC43-AE63-44E6-9494-EF415D34CE8D}.Release|Any CPU.ActiveCfg = Release|Any CPU
		{7B47EC43-AE63-44E6-9494-EF415D34CE8D}.Release|Any CPU.Build.0 = Release|Any CPU
		{7B47EC43-AE63-44E6-9494-EF415D34CE8D}.Release|x64.ActiveCfg = Release|Any CPU
		{7B47EC43-AE63-44E6-9494-EF415D34CE8D}.Release|x64.Build.0 = Release|Any CPU
		{30AD9161-DD80-40E7-965D-6923D244D19A}.Debug|Any CPU.ActiveCfg = Debug|x64
		{30AD9161-DD80-40E7-965D-6923D244D19A}.Debug|Any CPU.Build.0 = Debug|x64
		{30AD9161-DD80-40E7-965D-6923D244D19A}.Debug|x64.ActiveCfg = Debug|x64
		{30AD9161-DD80-40E7-965D-6923D244D19A}.Debug|x64.Build.0 = Debug|x64
		{30AD9161-DD80-40E7-965D-6923D244D19A}.Release|Any CPU.ActiveCfg = Release|x64
		{30AD9161-DD80-40E7-965D-6923D244D19A}.Release|Any CPU.Build.0 = Release|x64
		{30AD9161-DD80-40E7-965D-6923D244D19A}.Release|x64.ActiveCfg = Release|x64
		{30AD9161-DD80-40E7-965D-6923D244D19A}.Release|x64.Build.0 = Release|x64
	EndGlobalSection
	GlobalSection(SolutionProperties) = preSolution
		HideSolutionNode = FALSE
	EndGlobalSection
	GlobalSection(ExtensibilityGlobals) = postSolution
		SolutionGuid = {B3F84433-14DB-46C1-A677-B55340466DDA}
	EndGlobalSection
EndGlobal
